
Microsoft Visual Studio Solution File, Format Version 11.00
# Visual Studio 2010
Project("{8BC9CEB8-8B4A-11D0-8D11-00A0C91BC942}") = "LogTool", "LogTool\LogTool.vcxproj", "{9410238E-87AA-4DD7-A195-BE266B9B31CE}"
EndProject
Global
	GlobalSection(SolutionConfigurationPlatforms) = preSolution
		Debug|Win32 = Debug|Win32
		Release|Win32 = Release|Win32
	EndGlobalSection
	GlobalSection(ProjectConfigurationPlatforms) = postSolution
		{9410238E-87AA-4DD7-A195-BE266B9B31CE}.Debug|Win32.ActiveCfg = Debug|Win32
		{9410238E-87AA-4DD7-A195-BE266B9B31CE}.Debug|Win32.Build.0 = Debug|Win32
		{9410238E-87AA-4DD7-A195-BE266B9B31CE}.Release|Win32.ActiveCfg = Release|Win32
		{9410238E-87AA-4DD7-A195-BE266B9B31CE}.Release|Win32.Build.0 = Release|Win32
	EndGlobalSection
	GlobalSection(SolutionProperties) = preSolution
		HideSolutionNode = FALSE
	EndGlobalSection
EndGlobal
