<?xml version="1.0" encoding="utf-8"?>
<Project ToolsVersion="4.0" xmlns="http://schemas.microsoft.com/developer/msbuild/2003">
  <ItemGroup>
    <Filter Include="Source Files">
      <UniqueIdentifier>{4FC737F1-C7A5-4376-A066-2A32D752A2FF}</UniqueIdentifier>
      <Extensions>cpp;cxx;c;def</Extensions>
    </Filter>
    <Filter Include="Header Files">
      <UniqueIdentifier>{93995380-89BD-4b04-88EB-625FBE52EBFB}</UniqueIdentifier>
      <Extensions>h</Extensions>
    </Filter>
    <Filter Include="Form Files">
      <UniqueIdentifier>{99349809-55BA-4b9d-BF79-8FDBB0286EB3}</UniqueIdentifier>
      <Extensions>ui</Extensions>
    </Filter>
    <Filter Include="Resource Files">
      <UniqueIdentifier>{D9D6E242-F8AF-46E4-B9FD-80ECBC20BA3E}</UniqueIdentifier>
      <Extensions>qrc;*</Extensions>
      <ParseFiles>false</ParseFiles>
    </Filter>
    <Filter Include="Generated Files">
      <UniqueIdentifier>{71ED8ED8-ACB9-4CE9-BBE1-E00B30144E11}</UniqueIdentifier>
      <Extensions>moc;h;cpp</Extensions>
      <SourceControlFiles>False</SourceControlFiles>
    </Filter>
    <Filter Include="Generated Files\Debug">
      <UniqueIdentifier>{c7241011-e6cf-4f38-a37f-3a4fb395d5f8}</UniqueIdentifier>
      <Extensions>cpp;moc</Extensions>
      <SourceControlFiles>False</SourceControlFiles>
    </Filter>
    <Filter Include="Generated Files\Release">
      <UniqueIdentifier>{fe8c5f0b-a084-43ed-9637-25a80ce3d4e4}</UniqueIdentifier>
      <Extensions>cpp;moc</Extensions>
      <SourceControlFiles>False</SourceControlFiles>
    </Filter>
  </ItemGroup>
  <ItemGroup>
    <ClCompile Include="main.cpp">
      <Filter>Source Files</Filter>
    </ClCompile>
    <ClCompile Include="ssp_assist.cpp">
      <Filter>Source Files</Filter>
    </ClCompile>
    <ClCompile Include="GeneratedFiles\Debug\moc_ssp_assist.cpp">
      <Filter>Generated Files\Debug</Filter>
    </ClCompile>
    <ClCompile Include="GeneratedFiles\Release\moc_ssp_assist.cpp">
      <Filter>Generated Files\Release</Filter>
    </ClCompile>
    <ClCompile Include="GeneratedFiles\qrc_ssp_assist.cpp">
      <Filter>Generated Files</Filter>
    </ClCompile>
    <ClCompile Include="GuiFrame.cpp">
      <Filter>Source Files</Filter>
    </ClCompile>
    <ClCompile Include="GuiApplication.cpp">
      <Filter>Source Files</Filter>
    </ClCompile>
    <ClCompile Include="GeneratedFiles\Debug\moc_view_xml2ssaxex.cpp">
      <Filter>Generated Files\Debug</Filter>
    </ClCompile>
    <ClCompile Include="GeneratedFiles\Release\moc_view_xml2ssaxex.cpp">
      <Filter>Generated Files\Release</Filter>
    </ClCompile>
    <ClCompile Include="view_xml2ssaxex.cpp">
      <Filter>Source Files</Filter>
    </ClCompile>
    <ClCompile Include="view_mysql_mdbcfg.cpp">
      <Filter>Source Files</Filter>
    </ClCompile>
    <ClCompile Include="GeneratedFiles\Debug\moc_view_mysql_mdbcfg.cpp">
      <Filter>Generated Files\Debug</Filter>
    </ClCompile>
    <ClCompile Include="GeneratedFiles\Release\moc_view_mysql_mdbcfg.cpp">
      <Filter>Generated Files\Release</Filter>
    </ClCompile>
    <ClCompile Include="SspDbRestore.cpp">
      <Filter>Source Files</Filter>
    </ClCompile>
    <ClCompile Include="view_oracle_mdbcfg.cpp">
      <Filter>Source Files</Filter>
    </ClCompile>
    <ClCompile Include="GeneratedFiles\Debug\moc_view_oracle_mdbcfg.cpp">
      <Filter>Generated Files\Debug</Filter>
    </ClCompile>
    <ClCompile Include="GeneratedFiles\Release\moc_view_oracle_mdbcfg.cpp">
      <Filter>Generated Files\Release</Filter>
    </ClCompile>
    <ClCompile Include="view_prj_hmiplugin.cpp">
      <Filter>Source Files</Filter>
    </ClCompile>
    <ClCompile Include="GeneratedFiles\Debug\moc_view_prj_hmiplugin.cpp">
      <Filter>Generated Files\Debug</Filter>
    </ClCompile>
    <ClCompile Include="GeneratedFiles\Release\moc_view_prj_hmiplugin.cpp">
      <Filter>Generated Files\Release</Filter>
    </ClCompile>
  </ItemGroup>
  <ItemGroup>
    <CustomBuild Include="ssp_assist.h">
      <Filter>Header Files</Filter>
    </CustomBuild>
    <CustomBuild Include="ssp_assist.ui">
      <Filter>Form Files</Filter>
    </CustomBuild>
    <CustomBuild Include="ssp_assist.qrc">
      <Filter>Resource Files</Filter>
    </CustomBuild>
    <CustomBuild Include="view_xml2ssaxex.ui">
      <Filter>Form Files</Filter>
    </CustomBuild>
    <CustomBuild Include="view_xml2ssaxex.h">
      <Filter>Header Files</Filter>
    </CustomBuild>
    <CustomBuild Include="view_mysql_mdbcfg.h">
      <Filter>Header Files</Filter>
    </CustomBuild>
    <CustomBuild Include="view_mysql_mdbcfg.ui">
      <Filter>Form Files</Filter>
    </CustomBuild>
    <CustomBuild Include="view_oracle_mdbcfg.ui">
      <Filter>Form Files</Filter>
    </CustomBuild>
    <CustomBuild Include="view_oracle_mdbcfg.h">
      <Filter>Header Files</Filter>
    </CustomBuild>
    <CustomBuild Include="view_prj_hmiplugin.h">
      <Filter>Header Files</Filter>
    </CustomBuild>
    <CustomBuild Include="view_prj_hmiplugin.ui">
      <Filter>Form Files</Filter>
    </CustomBuild>
  </ItemGroup>
  <ItemGroup>
    <ClInclude Include="GeneratedFiles\ui_ssp_assist.h">
      <Filter>Generated Files</Filter>
    </ClInclude>
    <ClInclude Include="GuiApplication.h">
      <Filter>Header Files</Filter>
    </ClInclude>
    <ClInclude Include="GuiFrame.h">
      <Filter>Header Files</Filter>
    </ClInclude>
    <ClInclude Include="GeneratedFiles\ui_view_xml2ssaxex.h">
      <Filter>Generated Files</Filter>
    </ClInclude>
    <ClInclude Include="GeneratedFiles\ui_view_mysql_mdbcfg.h">
      <Filter>Generated Files</Filter>
    </ClInclude>
    <ClInclude Include="SspDbRestore.h">
      <Filter>Header Files</Filter>
    </ClInclude>
    <ClInclude Include="GeneratedFiles\ui_view_oracle_mdbcfg.h">
      <Filter>Generated Files</Filter>
    </ClInclude>
    <ClInclude Include="GeneratedFiles\ui_view_prj_hmiplugin.h">
      <Filter>Generated Files</Filter>
    </ClInclude>
  </ItemGroup>
</Project>