
Microsoft Visual Studio Solution File, Format Version 11.00
# Visual Studio 2010
Project("{2150E333-8FDC-42A3-9474-1A3956D46DE8}") = "Libraries", "Libraries", "{26EB5097-0AE5-43B1-844F-85A27D3E7922}"
EndProject
Project("{2150E333-8FDC-42A3-9474-1A3956D46DE8}") = "Samples", "Samples", "{48F51880-8125-48C5-9903-2F23AFF21866}"
EndProject
Project("{2150E333-8FDC-42A3-9474-1A3956D46DE8}") = "Utilities", "Utilities", "{8DD21DCA-B3C6-4FAF-B0F7-E9D1DFCF69BB}"
EndProject
Project("{2150E333-8FDC-42A3-9474-1A3956D46DE8}") = "IEC61850 Samples", "IEC61850 Samples", "{58269890-DE44-4FD5-8DFC-D106B1E031B9}"
EndProject
Project("{2150E333-8FDC-42A3-9474-1A3956D46DE8}") = "General MMS Samples", "General MMS Samples", "{E2EDC58F-A703-4F3D-A59D-53ACA53AF5AF}"
EndProject
Project("{8BC9CEB8-8B4A-11D0-8D11-00A0C91BC942}") = "asn1  Library", "asn1.vcxproj", "{4F923E4E-9EBE-4D05-B295-117E0684D7A6}"
EndProject
Project("{8BC9CEB8-8B4A-11D0-8D11-00A0C91BC942}") = "foundry  Utility App", "foundry.vcxproj", "{17A0C8A2-CE57-4AB1-9BB3-11211E8AA010}"
EndProject
Project("{8BC9CEB8-8B4A-11D0-8D11-00A0C91BC942}") = "iecgoose  Test App", "iecgoose.vcxproj", "{E4B7FDFA-F393-4629-8744-A916146E274F}"
EndProject
Project("{8BC9CEB8-8B4A-11D0-8D11-00A0C91BC942}") = "mem  Library", "mem.vcxproj", "{CE683DB3-27B3-4D8F-9C05-9C0E4F1BE574}"
EndProject
Project("{8BC9CEB8-8B4A-11D0-8D11-00A0C91BC942}") = "meml  Library", "meml.vcxproj", "{71BDF265-DB78-4C90-A8D2-A563B82205C3}"
EndProject
Project("{8BC9CEB8-8B4A-11D0-8D11-00A0C91BC942}") = "mlog  Library", "mlog.vcxproj", "{E9595B17-5C2C-4FF5-A2D6-B269B4250686}"
EndProject
Project("{8BC9CEB8-8B4A-11D0-8D11-00A0C91BC942}") = "mmsl  Library", "mmsl.vcxproj", "{2FBEF721-9062-4D85-BBCA-596274BB4B7D}"
EndProject
Project("{8BC9CEB8-8B4A-11D0-8D11-00A0C91BC942}") = "mmsle  Library", "mmsle.vcxproj", "{0E53C9C1-A51B-4C06-91B8-68E76C72D94D}"
EndProject
Project("{8BC9CEB8-8B4A-11D0-8D11-00A0C91BC942}") = "mmslog  Logfile Parse Utility App", "mmslog.vcxproj", "{D4D20E14-5E6E-43B7-A714-92C04A7254B2}"
EndProject
Project("{8BC9CEB8-8B4A-11D0-8D11-00A0C91BC942}") = "mvl  Library", "mvl.vcxproj", "{F553DA12-7520-4CE2-9F9B-300C7AB0E059}"
EndProject
Project("{8BC9CEB8-8B4A-11D0-8D11-00A0C91BC942}") = "mvlu  Library", "mvlu.vcxproj", "{96331292-6075-4864-ACF5-9076B434B0A1}"
EndProject
Project("{8BC9CEB8-8B4A-11D0-8D11-00A0C91BC942}") = "ositcps  Library", "ositcps.vcxproj", "{FBC1DE4C-B4F5-4F6F-86A7-6B582532E3D7}"
EndProject
Project("{8BC9CEB8-8B4A-11D0-8D11-00A0C91BC942}") = "ositpxs  Library", "ositpxs.vcxproj", "{7D594E3C-ECC2-4262-8C73-D87EA81ECEAD}"
EndProject
Project("{8BC9CEB8-8B4A-11D0-8D11-00A0C91BC942}") = "scl_srvr  SCL Server App", "scl_srvr.vcxproj", "{B0053577-BB9A-4263-B132-59CE6DC72A8A}"
EndProject
Project("{8BC9CEB8-8B4A-11D0-8D11-00A0C91BC942}") = "slog  Library", "slog.vcxproj", "{F89DCD42-BE04-46DF-A576-C2C6519658C9}"
EndProject
Project("{8BC9CEB8-8B4A-11D0-8D11-00A0C91BC942}") = "slogl  Library", "slogl.vcxproj", "{625D7B76-017F-4D73-A337-CFDCE0A5F1D8}"
EndProject
Project("{8BC9CEB8-8B4A-11D0-8D11-00A0C91BC942}") = "smem  Library", "smem.vcxproj", "{110BAD92-D163-4525-9839-86AA1A07D62D}"
EndProject
Project("{8BC9CEB8-8B4A-11D0-8D11-00A0C91BC942}") = "smpval  Library", "smpval.vcxproj", "{6C01047F-7574-4157-BC71-D47595FFED6C}"
EndProject
Project("{8BC9CEB8-8B4A-11D0-8D11-00A0C91BC942}") = "cositcps0  Client App (NUL Security)", "cositcps0.vcxproj", "{4D1F7E73-DEC2-4E76-90BC-E5648DCFB037}"
EndProject
Project("{8BC9CEB8-8B4A-11D0-8D11-00A0C91BC942}") = "cositpxs0  Client App (NUL Security)", "cositpxs0.vcxproj", "{3658B3A5-88EF-48E9-8470-83172314A7B5}"
EndProject
Project("{8BC9CEB8-8B4A-11D0-8D11-00A0C91BC942}") = "scl_tpxs0  SCL Server App", "scl_tpxs0.vcxproj", "{F3A4A8C1-CDFF-4DBF-98BE-C738954E68CD}"
EndProject
Project("{8BC9CEB8-8B4A-11D0-8D11-00A0C91BC942}") = "sositcps0   Server App (NUL Security)", "sositcps0.vcxproj", "{EC758CAE-3FF0-4D0B-8FB5-8FB1E0642B5F}"
EndProject
Project("{8BC9CEB8-8B4A-11D0-8D11-00A0C91BC942}") = "sositpxs0   Server App (NUL Security)", "sositpxs0.vcxproj", "{A6618796-A133-470D-BCEE-BC9B1D3E8CBE}"
EndProject
Project("{8BC9CEB8-8B4A-11D0-8D11-00A0C91BC942}") = "sn_targt", "sn_targt.vcxproj", "{28116D68-98D8-469B-B932-DB360A775A14}"
EndProject
Project("{8BC9CEB8-8B4A-11D0-8D11-00A0C91BC942}") = "sn_test", "sn_test.vcxproj", "{98D9613E-ADEE-40FC-B258-60A053009566}"
EndProject
Project("{8BC9CEB8-8B4A-11D0-8D11-00A0C91BC942}") = "gse_mgmt_test  Test App", "gse_mgmt_test.vcxproj", "{93084587-9E3E-4438-B764-79F2B9741520}"
EndProject
Project("{8BC9CEB8-8B4A-11D0-8D11-00A0C91BC942}") = "gse_mgmt  Library", "gse_mgmt.vcxproj", "{06A3A134-FAAC-4487-B723-86CFCEE7FB3D}"
EndProject
Project("{8BC9CEB8-8B4A-11D0-8D11-00A0C91BC942}") = "utility  Library", "utility.vcxproj", "{2BEC37F6-C5AE-4C21-873C-94171929058A}"
EndProject
Project("{2150E333-8FDC-42A3-9474-1A3956D46DE8}") = "SMms", "SMms", "{3079E82E-C8C1-42D8-ABCF-F60EA84B82D1}"
EndProject
Project("{8BC9CEB8-8B4A-11D0-8D11-00A0C91BC942}") = "test_mms_clt", "test_mms_clt\test_mms_clt.vcxproj", "{40FEB9BD-9EDF-45CD-96D0-72B6F931AE4C}"
	ProjectSection(ProjectDependencies) = postProject
		{0811376D-FDD0-4F2E-8284-3814AAAB0390} = {0811376D-FDD0-4F2E-8284-3814AAAB0390}
	EndProjectSection
EndProject
Project("{8BC9CEB8-8B4A-11D0-8D11-00A0C91BC942}") = "SMmsClient", "..\SMmsClient\SMmsClient.vcxproj", "{0811376D-FDD0-4F2E-8284-3814AAAB0390}"
EndProject
Project("{8BC9CEB8-8B4A-11D0-8D11-00A0C91BC942}") = "SMmsServer", "..\SMmsServer\SMmsServer.vcxproj", "{4D5738D7-40BD-43E8-90C3-424B540272D4}"
EndProject
Project("{8BC9CEB8-8B4A-11D0-8D11-00A0C91BC942}") = "test_mms_svr", "test_mms_svr\test_mms_svr.vcxproj", "{31730592-6165-41CF-9DB5-8BE3FD40A502}"
EndProject
Project("{8BC9CEB8-8B4A-11D0-8D11-00A0C91BC942}") = "mms_file_sync", "..\..\mms_file_sync\mms_file_sync\mms_file_sync.vcxproj", "{D925EB32-3679-419F-89E8-04CF3C87F04E}"
EndProject
Global
	GlobalSection(SolutionConfigurationPlatforms) = preSolution
		Debug No Logging|Win32 = Debug No Logging|Win32
		Debug No Logging|x64 = Debug No Logging|x64
		Debug|Win32 = Debug|Win32
		Debug|x64 = Debug|x64
		Release No Logging|Win32 = Release No Logging|Win32
		Release No Logging|x64 = Release No Logging|x64
		Release|Win32 = Release|Win32
		Release|x64 = Release|x64
	EndGlobalSection
	GlobalSection(ProjectConfigurationPlatforms) = postSolution
		{4F923E4E-9EBE-4D05-B295-117E0684D7A6}.Debug No Logging|Win32.ActiveCfg = Debug No Logging|Win32
		{4F923E4E-9EBE-4D05-B295-117E0684D7A6}.Debug No Logging|Win32.Build.0 = Debug No Logging|Win32
		{4F923E4E-9EBE-4D05-B295-117E0684D7A6}.Debug No Logging|x64.ActiveCfg = Debug DLL|x64
		{4F923E4E-9EBE-4D05-B295-117E0684D7A6}.Debug No Logging|x64.Build.0 = Debug No Logging|x64
		{4F923E4E-9EBE-4D05-B295-117E0684D7A6}.Debug No Logging|x64.Build.2 = Debug DLL|x64
		{4F923E4E-9EBE-4D05-B295-117E0684D7A6}.Debug|Win32.ActiveCfg = Debug|Win32
		{4F923E4E-9EBE-4D05-B295-117E0684D7A6}.Debug|Win32.Build.0 = Debug|Win32
		{4F923E4E-9EBE-4D05-B295-117E0684D7A6}.Debug|x64.ActiveCfg = Debug|x64
		{4F923E4E-9EBE-4D05-B295-117E0684D7A6}.Debug|x64.Build.0 = Debug|x64
		{4F923E4E-9EBE-4D05-B295-117E0684D7A6}.Release No Logging|Win32.ActiveCfg = Release No Logging|Win32
		{4F923E4E-9EBE-4D05-B295-117E0684D7A6}.Release No Logging|Win32.Build.0 = Release No Logging|Win32
		{4F923E4E-9EBE-4D05-B295-117E0684D7A6}.Release No Logging|x64.ActiveCfg = Release No Logging|x64
		{4F923E4E-9EBE-4D05-B295-117E0684D7A6}.Release No Logging|x64.Build.0 = Release No Logging|x64
		{4F923E4E-9EBE-4D05-B295-117E0684D7A6}.Release|Win32.ActiveCfg = Release|Win32
		{4F923E4E-9EBE-4D05-B295-117E0684D7A6}.Release|Win32.Build.0 = Release|Win32
		{4F923E4E-9EBE-4D05-B295-117E0684D7A6}.Release|x64.ActiveCfg = Release|x64
		{4F923E4E-9EBE-4D05-B295-117E0684D7A6}.Release|x64.Build.0 = Release|x64
		{17A0C8A2-CE57-4AB1-9BB3-11211E8AA010}.Debug No Logging|Win32.ActiveCfg = Release|Win32
		{17A0C8A2-CE57-4AB1-9BB3-11211E8AA010}.Debug No Logging|x64.ActiveCfg = Debug No Logging|x64
		{17A0C8A2-CE57-4AB1-9BB3-11211E8AA010}.Debug|Win32.ActiveCfg = Release|Win32
		{17A0C8A2-CE57-4AB1-9BB3-11211E8AA010}.Debug|x64.ActiveCfg = Debug|x64
		{17A0C8A2-CE57-4AB1-9BB3-11211E8AA010}.Release No Logging|Win32.ActiveCfg = Release|Win32
		{17A0C8A2-CE57-4AB1-9BB3-11211E8AA010}.Release No Logging|x64.ActiveCfg = Release No Logging|x64
		{17A0C8A2-CE57-4AB1-9BB3-11211E8AA010}.Release|Win32.ActiveCfg = Release|Win32
		{17A0C8A2-CE57-4AB1-9BB3-11211E8AA010}.Release|x64.ActiveCfg = Release|x64
		{E4B7FDFA-F393-4629-8744-A916146E274F}.Debug No Logging|Win32.ActiveCfg = Debug No Logging|Win32
		{E4B7FDFA-F393-4629-8744-A916146E274F}.Debug No Logging|Win32.Build.0 = Debug No Logging|Win32
		{E4B7FDFA-F393-4629-8744-A916146E274F}.Debug No Logging|x64.ActiveCfg = Debug No Logging|x64
		{E4B7FDFA-F393-4629-8744-A916146E274F}.Debug No Logging|x64.Build.0 = Debug No Logging|x64
		{E4B7FDFA-F393-4629-8744-A916146E274F}.Debug|Win32.ActiveCfg = Debug|Win32
		{E4B7FDFA-F393-4629-8744-A916146E274F}.Debug|Win32.Build.0 = Debug|Win32
		{E4B7FDFA-F393-4629-8744-A916146E274F}.Debug|x64.ActiveCfg = Debug|x64
		{E4B7FDFA-F393-4629-8744-A916146E274F}.Debug|x64.Build.0 = Debug|x64
		{E4B7FDFA-F393-4629-8744-A916146E274F}.Release No Logging|Win32.ActiveCfg = Release No Logging|Win32
		{E4B7FDFA-F393-4629-8744-A916146E274F}.Release No Logging|Win32.Build.0 = Release No Logging|Win32
		{E4B7FDFA-F393-4629-8744-A916146E274F}.Release No Logging|x64.ActiveCfg = Release No Logging|x64
		{E4B7FDFA-F393-4629-8744-A916146E274F}.Release No Logging|x64.Build.0 = Release No Logging|x64
		{E4B7FDFA-F393-4629-8744-A916146E274F}.Release|Win32.ActiveCfg = Release|Win32
		{E4B7FDFA-F393-4629-8744-A916146E274F}.Release|Win32.Build.0 = Release|Win32
		{E4B7FDFA-F393-4629-8744-A916146E274F}.Release|x64.ActiveCfg = Release|x64
		{E4B7FDFA-F393-4629-8744-A916146E274F}.Release|x64.Build.0 = Release|x64
		{CE683DB3-27B3-4D8F-9C05-9C0E4F1BE574}.Debug No Logging|Win32.ActiveCfg = Debug No Logging|Win32
		{CE683DB3-27B3-4D8F-9C05-9C0E4F1BE574}.Debug No Logging|Win32.Build.0 = Debug No Logging|Win32
		{CE683DB3-27B3-4D8F-9C05-9C0E4F1BE574}.Debug No Logging|x64.ActiveCfg = Debug DLL|x64
		{CE683DB3-27B3-4D8F-9C05-9C0E4F1BE574}.Debug No Logging|x64.Build.0 = Debug No Logging|x64
		{CE683DB3-27B3-4D8F-9C05-9C0E4F1BE574}.Debug No Logging|x64.Build.2 = Debug DLL|x64
		{CE683DB3-27B3-4D8F-9C05-9C0E4F1BE574}.Debug|Win32.ActiveCfg = Debug|Win32
		{CE683DB3-27B3-4D8F-9C05-9C0E4F1BE574}.Debug|Win32.Build.0 = Debug|Win32
		{CE683DB3-27B3-4D8F-9C05-9C0E4F1BE574}.Debug|x64.ActiveCfg = Debug|x64
		{CE683DB3-27B3-4D8F-9C05-9C0E4F1BE574}.Debug|x64.Build.0 = Debug|x64
		{CE683DB3-27B3-4D8F-9C05-9C0E4F1BE574}.Release No Logging|Win32.ActiveCfg = Release No Logging|Win32
		{CE683DB3-27B3-4D8F-9C05-9C0E4F1BE574}.Release No Logging|Win32.Build.0 = Release No Logging|Win32
		{CE683DB3-27B3-4D8F-9C05-9C0E4F1BE574}.Release No Logging|x64.ActiveCfg = Release No Logging|x64
		{CE683DB3-27B3-4D8F-9C05-9C0E4F1BE574}.Release No Logging|x64.Build.0 = Release No Logging|x64
		{CE683DB3-27B3-4D8F-9C05-9C0E4F1BE574}.Release|Win32.ActiveCfg = Release|Win32
		{CE683DB3-27B3-4D8F-9C05-9C0E4F1BE574}.Release|Win32.Build.0 = Release|Win32
		{CE683DB3-27B3-4D8F-9C05-9C0E4F1BE574}.Release|x64.ActiveCfg = Release|x64
		{CE683DB3-27B3-4D8F-9C05-9C0E4F1BE574}.Release|x64.Build.0 = Release|x64
		{71BDF265-DB78-4C90-A8D2-A563B82205C3}.Debug No Logging|Win32.ActiveCfg = Debug No Logging|Win32
		{71BDF265-DB78-4C90-A8D2-A563B82205C3}.Debug No Logging|Win32.Build.0 = Debug No Logging|Win32
		{71BDF265-DB78-4C90-A8D2-A563B82205C3}.Debug No Logging|x64.ActiveCfg = Debug No Logging|x64
		{71BDF265-DB78-4C90-A8D2-A563B82205C3}.Debug No Logging|x64.Build.0 = Debug No Logging|x64
		{71BDF265-DB78-4C90-A8D2-A563B82205C3}.Debug|Win32.ActiveCfg = Debug|Win32
		{71BDF265-DB78-4C90-A8D2-A563B82205C3}.Debug|Win32.Build.0 = Debug|Win32
		{71BDF265-DB78-4C90-A8D2-A563B82205C3}.Debug|x64.ActiveCfg = Debug|x64
		{71BDF265-DB78-4C90-A8D2-A563B82205C3}.Debug|x64.Build.0 = Debug|x64
		{71BDF265-DB78-4C90-A8D2-A563B82205C3}.Release No Logging|Win32.ActiveCfg = Release No Logging|Win32
		{71BDF265-DB78-4C90-A8D2-A563B82205C3}.Release No Logging|Win32.Build.0 = Release No Logging|Win32
		{71BDF265-DB78-4C90-A8D2-A563B82205C3}.Release No Logging|x64.ActiveCfg = Release No Logging|x64
		{71BDF265-DB78-4C90-A8D2-A563B82205C3}.Release No Logging|x64.Build.0 = Release No Logging|x64
		{71BDF265-DB78-4C90-A8D2-A563B82205C3}.Release|Win32.ActiveCfg = Release|Win32
		{71BDF265-DB78-4C90-A8D2-A563B82205C3}.Release|Win32.Build.0 = Release|Win32
		{71BDF265-DB78-4C90-A8D2-A563B82205C3}.Release|x64.ActiveCfg = Release|x64
		{71BDF265-DB78-4C90-A8D2-A563B82205C3}.Release|x64.Build.0 = Release|x64
		{E9595B17-5C2C-4FF5-A2D6-B269B4250686}.Debug No Logging|Win32.ActiveCfg = Debug No Logging|Win32
		{E9595B17-5C2C-4FF5-A2D6-B269B4250686}.Debug No Logging|Win32.Build.0 = Debug No Logging|Win32
		{E9595B17-5C2C-4FF5-A2D6-B269B4250686}.Debug No Logging|x64.ActiveCfg = Debug DLL|x64
		{E9595B17-5C2C-4FF5-A2D6-B269B4250686}.Debug No Logging|x64.Build.0 = Debug No Logging|x64
		{E9595B17-5C2C-4FF5-A2D6-B269B4250686}.Debug No Logging|x64.Build.2 = Release DLL|x64
		{E9595B17-5C2C-4FF5-A2D6-B269B4250686}.Debug No Logging|x64.Build.4 = Debug DLL|x64
		{E9595B17-5C2C-4FF5-A2D6-B269B4250686}.Debug|Win32.ActiveCfg = Debug|Win32
		{E9595B17-5C2C-4FF5-A2D6-B269B4250686}.Debug|Win32.Build.0 = Debug|Win32
		{E9595B17-5C2C-4FF5-A2D6-B269B4250686}.Debug|x64.ActiveCfg = Debug|x64
		{E9595B17-5C2C-4FF5-A2D6-B269B4250686}.Debug|x64.Build.0 = Debug|x64
		{E9595B17-5C2C-4FF5-A2D6-B269B4250686}.Release No Logging|Win32.ActiveCfg = Release No Logging|Win32
		{E9595B17-5C2C-4FF5-A2D6-B269B4250686}.Release No Logging|Win32.Build.0 = Release No Logging|Win32
		{E9595B17-5C2C-4FF5-A2D6-B269B4250686}.Release No Logging|x64.ActiveCfg = Release No Logging|x64
		{E9595B17-5C2C-4FF5-A2D6-B269B4250686}.Release No Logging|x64.Build.0 = Release No Logging|x64
		{E9595B17-5C2C-4FF5-A2D6-B269B4250686}.Release|Win32.ActiveCfg = Release|Win32
		{E9595B17-5C2C-4FF5-A2D6-B269B4250686}.Release|Win32.Build.0 = Release|Win32
		{E9595B17-5C2C-4FF5-A2D6-B269B4250686}.Release|x64.ActiveCfg = Release|x64
		{E9595B17-5C2C-4FF5-A2D6-B269B4250686}.Release|x64.Build.0 = Release|x64
		{2FBEF721-9062-4D85-BBCA-596274BB4B7D}.Debug No Logging|Win32.ActiveCfg = Debug No Logging|Win32
		{2FBEF721-9062-4D85-BBCA-596274BB4B7D}.Debug No Logging|Win32.Build.0 = Debug No Logging|Win32
		{2FBEF721-9062-4D85-BBCA-596274BB4B7D}.Debug No Logging|x64.ActiveCfg = Debug DLL|x64
		{2FBEF721-9062-4D85-BBCA-596274BB4B7D}.Debug No Logging|x64.Build.0 = Debug No Logging|x64
		{2FBEF721-9062-4D85-BBCA-596274BB4B7D}.Debug No Logging|x64.Build.2 = Debug DLL|x64
		{2FBEF721-9062-4D85-BBCA-596274BB4B7D}.Debug|Win32.ActiveCfg = Debug|Win32
		{2FBEF721-9062-4D85-BBCA-596274BB4B7D}.Debug|Win32.Build.0 = Debug|Win32
		{2FBEF721-9062-4D85-BBCA-596274BB4B7D}.Debug|x64.ActiveCfg = Debug|x64
		{2FBEF721-9062-4D85-BBCA-596274BB4B7D}.Debug|x64.Build.0 = Debug|x64
		{2FBEF721-9062-4D85-BBCA-596274BB4B7D}.Release No Logging|Win32.ActiveCfg = Release No Logging|Win32
		{2FBEF721-9062-4D85-BBCA-596274BB4B7D}.Release No Logging|Win32.Build.0 = Release No Logging|Win32
		{2FBEF721-9062-4D85-BBCA-596274BB4B7D}.Release No Logging|x64.ActiveCfg = Release No Logging|x64
		{2FBEF721-9062-4D85-BBCA-596274BB4B7D}.Release No Logging|x64.Build.0 = Release No Logging|x64
		{2FBEF721-9062-4D85-BBCA-596274BB4B7D}.Release|Win32.ActiveCfg = Release|Win32
		{2FBEF721-9062-4D85-BBCA-596274BB4B7D}.Release|Win32.Build.0 = Release|Win32
		{2FBEF721-9062-4D85-BBCA-596274BB4B7D}.Release|x64.ActiveCfg = Release|x64
		{2FBEF721-9062-4D85-BBCA-596274BB4B7D}.Release|x64.Build.0 = Release|x64
		{0E53C9C1-A51B-4C06-91B8-68E76C72D94D}.Debug No Logging|Win32.ActiveCfg = Debug No Logging|Win32
		{0E53C9C1-A51B-4C06-91B8-68E76C72D94D}.Debug No Logging|Win32.Build.0 = Debug No Logging|Win32
		{0E53C9C1-A51B-4C06-91B8-68E76C72D94D}.Debug No Logging|x64.ActiveCfg = Debug DLL|x64
		{0E53C9C1-A51B-4C06-91B8-68E76C72D94D}.Debug No Logging|x64.Build.0 = Debug No Logging|x64
		{0E53C9C1-A51B-4C06-91B8-68E76C72D94D}.Debug No Logging|x64.Build.2 = Debug DLL|x64
		{0E53C9C1-A51B-4C06-91B8-68E76C72D94D}.Debug|Win32.ActiveCfg = Debug|Win32
		{0E53C9C1-A51B-4C06-91B8-68E76C72D94D}.Debug|Win32.Build.0 = Debug|Win32
		{0E53C9C1-A51B-4C06-91B8-68E76C72D94D}.Debug|x64.ActiveCfg = Debug|x64
		{0E53C9C1-A51B-4C06-91B8-68E76C72D94D}.Debug|x64.Build.0 = Debug|x64
		{0E53C9C1-A51B-4C06-91B8-68E76C72D94D}.Release No Logging|Win32.ActiveCfg = Release No Logging|Win32
		{0E53C9C1-A51B-4C06-91B8-68E76C72D94D}.Release No Logging|Win32.Build.0 = Release No Logging|Win32
		{0E53C9C1-A51B-4C06-91B8-68E76C72D94D}.Release No Logging|x64.ActiveCfg = Release No Logging|x64
		{0E53C9C1-A51B-4C06-91B8-68E76C72D94D}.Release No Logging|x64.Build.0 = Release No Logging|x64
		{0E53C9C1-A51B-4C06-91B8-68E76C72D94D}.Release|Win32.ActiveCfg = Release|Win32
		{0E53C9C1-A51B-4C06-91B8-68E76C72D94D}.Release|Win32.Build.0 = Release|Win32
		{0E53C9C1-A51B-4C06-91B8-68E76C72D94D}.Release|x64.ActiveCfg = Release|x64
		{0E53C9C1-A51B-4C06-91B8-68E76C72D94D}.Release|x64.Build.0 = Release|x64
		{D4D20E14-5E6E-43B7-A714-92C04A7254B2}.Debug No Logging|Win32.ActiveCfg = Release|Win32
		{D4D20E14-5E6E-43B7-A714-92C04A7254B2}.Debug No Logging|x64.ActiveCfg = Release|x64
		{D4D20E14-5E6E-43B7-A714-92C04A7254B2}.Debug No Logging|x64.Build.0 = Release|x64
		{D4D20E14-5E6E-43B7-A714-92C04A7254B2}.Debug|Win32.ActiveCfg = Release|Win32
		{D4D20E14-5E6E-43B7-A714-92C04A7254B2}.Debug|x64.ActiveCfg = Release|x64
		{D4D20E14-5E6E-43B7-A714-92C04A7254B2}.Debug|x64.Build.0 = Release|x64
		{D4D20E14-5E6E-43B7-A714-92C04A7254B2}.Release No Logging|Win32.ActiveCfg = Release|Win32
		{D4D20E14-5E6E-43B7-A714-92C04A7254B2}.Release No Logging|x64.ActiveCfg = Release|x64
		{D4D20E14-5E6E-43B7-A714-92C04A7254B2}.Release No Logging|x64.Build.0 = Release|x64
		{D4D20E14-5E6E-43B7-A714-92C04A7254B2}.Release|Win32.ActiveCfg = Release|Win32
		{D4D20E14-5E6E-43B7-A714-92C04A7254B2}.Release|x64.ActiveCfg = Release|x64
		{F553DA12-7520-4CE2-9F9B-300C7AB0E059}.Debug No Logging|Win32.ActiveCfg = Debug No Logging|Win32
		{F553DA12-7520-4CE2-9F9B-300C7AB0E059}.Debug No Logging|Win32.Build.0 = Debug No Logging|Win32
		{F553DA12-7520-4CE2-9F9B-300C7AB0E059}.Debug No Logging|x64.ActiveCfg = Debug No Logging|x64
		{F553DA12-7520-4CE2-9F9B-300C7AB0E059}.Debug No Logging|x64.Build.0 = Debug No Logging|x64
		{F553DA12-7520-4CE2-9F9B-300C7AB0E059}.Debug|Win32.ActiveCfg = Debug|Win32
		{F553DA12-7520-4CE2-9F9B-300C7AB0E059}.Debug|Win32.Build.0 = Debug|Win32
		{F553DA12-7520-4CE2-9F9B-300C7AB0E059}.Debug|x64.ActiveCfg = Debug|x64
		{F553DA12-7520-4CE2-9F9B-300C7AB0E059}.Debug|x64.Build.0 = Debug|x64
		{F553DA12-7520-4CE2-9F9B-300C7AB0E059}.Release No Logging|Win32.ActiveCfg = Release No Logging|Win32
		{F553DA12-7520-4CE2-9F9B-300C7AB0E059}.Release No Logging|Win32.Build.0 = Release No Logging|Win32
		{F553DA12-7520-4CE2-9F9B-300C7AB0E059}.Release No Logging|x64.ActiveCfg = Release No Logging|x64
		{F553DA12-7520-4CE2-9F9B-300C7AB0E059}.Release No Logging|x64.Build.0 = Release No Logging|x64
		{F553DA12-7520-4CE2-9F9B-300C7AB0E059}.Release|Win32.ActiveCfg = Release|Win32
		{F553DA12-7520-4CE2-9F9B-300C7AB0E059}.Release|Win32.Build.0 = Release|Win32
		{F553DA12-7520-4CE2-9F9B-300C7AB0E059}.Release|x64.ActiveCfg = Release|x64
		{F553DA12-7520-4CE2-9F9B-300C7AB0E059}.Release|x64.Build.0 = Release|x64
		{96331292-6075-4864-ACF5-9076B434B0A1}.Debug No Logging|Win32.ActiveCfg = Debug No Logging|Win32
		{96331292-6075-4864-ACF5-9076B434B0A1}.Debug No Logging|Win32.Build.0 = Debug No Logging|Win32
		{96331292-6075-4864-ACF5-9076B434B0A1}.Debug No Logging|x64.ActiveCfg = Debug DLL|x64
		{96331292-6075-4864-ACF5-9076B434B0A1}.Debug No Logging|x64.Build.0 = Debug No Logging|x64
		{96331292-6075-4864-ACF5-9076B434B0A1}.Debug No Logging|x64.Build.2 = Debug DLL|x64
		{96331292-6075-4864-ACF5-9076B434B0A1}.Debug|Win32.ActiveCfg = Debug|Win32
		{96331292-6075-4864-ACF5-9076B434B0A1}.Debug|Win32.Build.0 = Debug|Win32
		{96331292-6075-4864-ACF5-9076B434B0A1}.Debug|x64.ActiveCfg = Debug|x64
		{96331292-6075-4864-ACF5-9076B434B0A1}.Debug|x64.Build.0 = Debug|x64
		{96331292-6075-4864-ACF5-9076B434B0A1}.Release No Logging|Win32.ActiveCfg = Release No Logging|Win32
		{96331292-6075-4864-ACF5-9076B434B0A1}.Release No Logging|Win32.Build.0 = Release No Logging|Win32
		{96331292-6075-4864-ACF5-9076B434B0A1}.Release No Logging|x64.ActiveCfg = Release No Logging|x64
		{96331292-6075-4864-ACF5-9076B434B0A1}.Release No Logging|x64.Build.0 = Release No Logging|x64
		{96331292-6075-4864-ACF5-9076B434B0A1}.Release|Win32.ActiveCfg = Release|Win32
		{96331292-6075-4864-ACF5-9076B434B0A1}.Release|Win32.Build.0 = Release|Win32
		{96331292-6075-4864-ACF5-9076B434B0A1}.Release|x64.ActiveCfg = Release|x64
		{96331292-6075-4864-ACF5-9076B434B0A1}.Release|x64.Build.0 = Release|x64
		{FBC1DE4C-B4F5-4F6F-86A7-6B582532E3D7}.Debug No Logging|Win32.ActiveCfg = Debug No Logging|Win32
		{FBC1DE4C-B4F5-4F6F-86A7-6B582532E3D7}.Debug No Logging|Win32.Build.0 = Debug No Logging|Win32
		{FBC1DE4C-B4F5-4F6F-86A7-6B582532E3D7}.Debug No Logging|x64.ActiveCfg = Debug DLL|x64
		{FBC1DE4C-B4F5-4F6F-86A7-6B582532E3D7}.Debug No Logging|x64.Build.0 = Debug No Logging|x64
		{FBC1DE4C-B4F5-4F6F-86A7-6B582532E3D7}.Debug No Logging|x64.Build.2 = Debug DLL|x64
		{FBC1DE4C-B4F5-4F6F-86A7-6B582532E3D7}.Debug|Win32.ActiveCfg = Debug|Win32
		{FBC1DE4C-B4F5-4F6F-86A7-6B582532E3D7}.Debug|Win32.Build.0 = Debug|Win32
		{FBC1DE4C-B4F5-4F6F-86A7-6B582532E3D7}.Debug|x64.ActiveCfg = Debug|x64
		{FBC1DE4C-B4F5-4F6F-86A7-6B582532E3D7}.Debug|x64.Build.0 = Debug|x64
		{FBC1DE4C-B4F5-4F6F-86A7-6B582532E3D7}.Release No Logging|Win32.ActiveCfg = Release No Logging|Win32
		{FBC1DE4C-B4F5-4F6F-86A7-6B582532E3D7}.Release No Logging|Win32.Build.0 = Release No Logging|Win32
		{FBC1DE4C-B4F5-4F6F-86A7-6B582532E3D7}.Release No Logging|x64.ActiveCfg = Release No Logging|x64
		{FBC1DE4C-B4F5-4F6F-86A7-6B582532E3D7}.Release No Logging|x64.Build.0 = Release No Logging|x64
		{FBC1DE4C-B4F5-4F6F-86A7-6B582532E3D7}.Release|Win32.ActiveCfg = Release|Win32
		{FBC1DE4C-B4F5-4F6F-86A7-6B582532E3D7}.Release|Win32.Build.0 = Release|Win32
		{FBC1DE4C-B4F5-4F6F-86A7-6B582532E3D7}.Release|x64.ActiveCfg = Release|x64
		{FBC1DE4C-B4F5-4F6F-86A7-6B582532E3D7}.Release|x64.Build.0 = Release|x64
		{7D594E3C-ECC2-4262-8C73-D87EA81ECEAD}.Debug No Logging|Win32.ActiveCfg = Debug No Logging|Win32
		{7D594E3C-ECC2-4262-8C73-D87EA81ECEAD}.Debug No Logging|Win32.Build.0 = Debug No Logging|Win32
		{7D594E3C-ECC2-4262-8C73-D87EA81ECEAD}.Debug No Logging|x64.ActiveCfg = Debug No Logging|x64
		{7D594E3C-ECC2-4262-8C73-D87EA81ECEAD}.Debug No Logging|x64.Build.0 = Debug No Logging|x64
		{7D594E3C-ECC2-4262-8C73-D87EA81ECEAD}.Debug|Win32.ActiveCfg = Debug|Win32
		{7D594E3C-ECC2-4262-8C73-D87EA81ECEAD}.Debug|Win32.Build.0 = Debug|Win32
		{7D594E3C-ECC2-4262-8C73-D87EA81ECEAD}.Debug|x64.ActiveCfg = Debug|x64
		{7D594E3C-ECC2-4262-8C73-D87EA81ECEAD}.Debug|x64.Build.0 = Debug|x64
		{7D594E3C-ECC2-4262-8C73-D87EA81ECEAD}.Release No Logging|Win32.ActiveCfg = Release No Logging|Win32
		{7D594E3C-ECC2-4262-8C73-D87EA81ECEAD}.Release No Logging|Win32.Build.0 = Release No Logging|Win32
		{7D594E3C-ECC2-4262-8C73-D87EA81ECEAD}.Release No Logging|x64.ActiveCfg = Release No Logging|x64
		{7D594E3C-ECC2-4262-8C73-D87EA81ECEAD}.Release No Logging|x64.Build.0 = Release No Logging|x64
		{7D594E3C-ECC2-4262-8C73-D87EA81ECEAD}.Release|Win32.ActiveCfg = Release|Win32
		{7D594E3C-ECC2-4262-8C73-D87EA81ECEAD}.Release|Win32.Build.0 = Release|Win32
		{7D594E3C-ECC2-4262-8C73-D87EA81ECEAD}.Release|x64.ActiveCfg = Release|x64
		{7D594E3C-ECC2-4262-8C73-D87EA81ECEAD}.Release|x64.Build.0 = Release|x64
		{B0053577-BB9A-4263-B132-59CE6DC72A8A}.Debug No Logging|Win32.ActiveCfg = Debug No Logging|Win32
		{B0053577-BB9A-4263-B132-59CE6DC72A8A}.Debug No Logging|Win32.Build.0 = Debug No Logging|Win32
		{B0053577-BB9A-4263-B132-59CE6DC72A8A}.Debug No Logging|x64.ActiveCfg = Debug No Logging|x64
		{B0053577-BB9A-4263-B132-59CE6DC72A8A}.Debug No Logging|x64.Build.0 = Debug No Logging|x64
		{B0053577-BB9A-4263-B132-59CE6DC72A8A}.Debug|Win32.ActiveCfg = Debug|Win32
		{B0053577-BB9A-4263-B132-59CE6DC72A8A}.Debug|Win32.Build.0 = Debug|Win32
		{B0053577-BB9A-4263-B132-59CE6DC72A8A}.Debug|x64.ActiveCfg = Debug|x64
		{B0053577-BB9A-4263-B132-59CE6DC72A8A}.Debug|x64.Build.0 = Debug|x64
		{B0053577-BB9A-4263-B132-59CE6DC72A8A}.Release No Logging|Win32.ActiveCfg = Release No Logging|Win32
		{B0053577-BB9A-4263-B132-59CE6DC72A8A}.Release No Logging|Win32.Build.0 = Release No Logging|Win32
		{B0053577-BB9A-4263-B132-59CE6DC72A8A}.Release No Logging|x64.ActiveCfg = Release No Logging|x64
		{B0053577-BB9A-4263-B132-59CE6DC72A8A}.Release No Logging|x64.Build.0 = Release No Logging|x64
		{B0053577-BB9A-4263-B132-59CE6DC72A8A}.Release|Win32.ActiveCfg = Release|Win32
		{B0053577-BB9A-4263-B132-59CE6DC72A8A}.Release|Win32.Build.0 = Release|Win32
		{B0053577-BB9A-4263-B132-59CE6DC72A8A}.Release|x64.ActiveCfg = Release|x64
		{B0053577-BB9A-4263-B132-59CE6DC72A8A}.Release|x64.Build.0 = Release|x64
		{F89DCD42-BE04-46DF-A576-C2C6519658C9}.Debug No Logging|Win32.ActiveCfg = Debug No Logging|Win32
		{F89DCD42-BE04-46DF-A576-C2C6519658C9}.Debug No Logging|Win32.Build.0 = Debug No Logging|Win32
		{F89DCD42-BE04-46DF-A576-C2C6519658C9}.Debug No Logging|x64.ActiveCfg = Debug DLL|x64
		{F89DCD42-BE04-46DF-A576-C2C6519658C9}.Debug No Logging|x64.Build.0 = Debug No Logging|x64
		{F89DCD42-BE04-46DF-A576-C2C6519658C9}.Debug No Logging|x64.Build.2 = Debug DLL|x64
		{F89DCD42-BE04-46DF-A576-C2C6519658C9}.Debug|Win32.ActiveCfg = Debug|Win32
		{F89DCD42-BE04-46DF-A576-C2C6519658C9}.Debug|Win32.Build.0 = Debug|Win32
		{F89DCD42-BE04-46DF-A576-C2C6519658C9}.Debug|x64.ActiveCfg = Debug|x64
		{F89DCD42-BE04-46DF-A576-C2C6519658C9}.Debug|x64.Build.0 = Debug|x64
		{F89DCD42-BE04-46DF-A576-C2C6519658C9}.Release No Logging|Win32.ActiveCfg = Release No Logging|Win32
		{F89DCD42-BE04-46DF-A576-C2C6519658C9}.Release No Logging|Win32.Build.0 = Release No Logging|Win32
		{F89DCD42-BE04-46DF-A576-C2C6519658C9}.Release No Logging|x64.ActiveCfg = Release No Logging|x64
		{F89DCD42-BE04-46DF-A576-C2C6519658C9}.Release No Logging|x64.Build.0 = Release No Logging|x64
		{F89DCD42-BE04-46DF-A576-C2C6519658C9}.Release|Win32.ActiveCfg = Release|Win32
		{F89DCD42-BE04-46DF-A576-C2C6519658C9}.Release|Win32.Build.0 = Release|Win32
		{F89DCD42-BE04-46DF-A576-C2C6519658C9}.Release|x64.ActiveCfg = Release|x64
		{F89DCD42-BE04-46DF-A576-C2C6519658C9}.Release|x64.Build.0 = Release|x64
		{625D7B76-017F-4D73-A337-CFDCE0A5F1D8}.Debug No Logging|Win32.ActiveCfg = Debug No Logging|Win32
		{625D7B76-017F-4D73-A337-CFDCE0A5F1D8}.Debug No Logging|Win32.Build.0 = Debug No Logging|Win32
		{625D7B76-017F-4D73-A337-CFDCE0A5F1D8}.Debug No Logging|x64.ActiveCfg = Debug No Logging|x64
		{625D7B76-017F-4D73-A337-CFDCE0A5F1D8}.Debug No Logging|x64.Build.0 = Debug No Logging|x64
		{625D7B76-017F-4D73-A337-CFDCE0A5F1D8}.Debug|Win32.ActiveCfg = Debug|Win32
		{625D7B76-017F-4D73-A337-CFDCE0A5F1D8}.Debug|Win32.Build.0 = Debug|Win32
		{625D7B76-017F-4D73-A337-CFDCE0A5F1D8}.Debug|x64.ActiveCfg = Debug|x64
		{625D7B76-017F-4D73-A337-CFDCE0A5F1D8}.Debug|x64.Build.0 = Debug|x64
		{625D7B76-017F-4D73-A337-CFDCE0A5F1D8}.Release No Logging|Win32.ActiveCfg = Release No Logging|Win32
		{625D7B76-017F-4D73-A337-CFDCE0A5F1D8}.Release No Logging|Win32.Build.0 = Release No Logging|Win32
		{625D7B76-017F-4D73-A337-CFDCE0A5F1D8}.Release No Logging|x64.ActiveCfg = Release No Logging|x64
		{625D7B76-017F-4D73-A337-CFDCE0A5F1D8}.Release No Logging|x64.Build.0 = Release No Logging|x64
		{625D7B76-017F-4D73-A337-CFDCE0A5F1D8}.Release|Win32.ActiveCfg = Release|Win32
		{625D7B76-017F-4D73-A337-CFDCE0A5F1D8}.Release|Win32.Build.0 = Release|Win32
		{625D7B76-017F-4D73-A337-CFDCE0A5F1D8}.Release|x64.ActiveCfg = Release|x64
		{625D7B76-017F-4D73-A337-CFDCE0A5F1D8}.Release|x64.Build.0 = Release|x64
		{110BAD92-D163-4525-9839-86AA1A07D62D}.Debug No Logging|Win32.ActiveCfg = Debug No Logging|Win32
		{110BAD92-D163-4525-9839-86AA1A07D62D}.Debug No Logging|Win32.Build.0 = Debug No Logging|Win32
		{110BAD92-D163-4525-9839-86AA1A07D62D}.Debug No Logging|x64.ActiveCfg = Debug No Logging|x64
		{110BAD92-D163-4525-9839-86AA1A07D62D}.Debug No Logging|x64.Build.0 = Debug No Logging|x64
		{110BAD92-D163-4525-9839-86AA1A07D62D}.Debug|Win32.ActiveCfg = Debug|Win32
		{110BAD92-D163-4525-9839-86AA1A07D62D}.Debug|Win32.Build.0 = Debug|Win32
		{110BAD92-D163-4525-9839-86AA1A07D62D}.Debug|x64.ActiveCfg = Debug|x64
		{110BAD92-D163-4525-9839-86AA1A07D62D}.Debug|x64.Build.0 = Debug|x64
		{110BAD92-D163-4525-9839-86AA1A07D62D}.Release No Logging|Win32.ActiveCfg = Release No Logging|Win32
		{110BAD92-D163-4525-9839-86AA1A07D62D}.Release No Logging|Win32.Build.0 = Release No Logging|Win32
		{110BAD92-D163-4525-9839-86AA1A07D62D}.Release No Logging|x64.ActiveCfg = Release No Logging|x64
		{110BAD92-D163-4525-9839-86AA1A07D62D}.Release No Logging|x64.Build.0 = Release No Logging|x64
		{110BAD92-D163-4525-9839-86AA1A07D62D}.Release|Win32.ActiveCfg = Release|Win32
		{110BAD92-D163-4525-9839-86AA1A07D62D}.Release|Win32.Build.0 = Release|Win32
		{110BAD92-D163-4525-9839-86AA1A07D62D}.Release|x64.ActiveCfg = Release|x64
		{110BAD92-D163-4525-9839-86AA1A07D62D}.Release|x64.Build.0 = Release|x64
		{6C01047F-7574-4157-BC71-D47595FFED6C}.Debug No Logging|Win32.ActiveCfg = Debug No Logging|Win32
		{6C01047F-7574-4157-BC71-D47595FFED6C}.Debug No Logging|Win32.Build.0 = Debug No Logging|Win32
		{6C01047F-7574-4157-BC71-D47595FFED6C}.Debug No Logging|x64.ActiveCfg = Debug No Logging|x64
		{6C01047F-7574-4157-BC71-D47595FFED6C}.Debug No Logging|x64.Build.0 = Debug No Logging|x64
		{6C01047F-7574-4157-BC71-D47595FFED6C}.Debug|Win32.ActiveCfg = Debug|Win32
		{6C01047F-7574-4157-BC71-D47595FFED6C}.Debug|Win32.Build.0 = Debug|Win32
		{6C01047F-7574-4157-BC71-D47595FFED6C}.Debug|x64.ActiveCfg = Debug|x64
		{6C01047F-7574-4157-BC71-D47595FFED6C}.Debug|x64.Build.0 = Debug|x64
		{6C01047F-7574-4157-BC71-D47595FFED6C}.Release No Logging|Win32.ActiveCfg = Release No Logging|Win32
		{6C01047F-7574-4157-BC71-D47595FFED6C}.Release No Logging|Win32.Build.0 = Release No Logging|Win32
		{6C01047F-7574-4157-BC71-D47595FFED6C}.Release No Logging|x64.ActiveCfg = Release No Logging|x64
		{6C01047F-7574-4157-BC71-D47595FFED6C}.Release No Logging|x64.Build.0 = Release No Logging|x64
		{6C01047F-7574-4157-BC71-D47595FFED6C}.Release|Win32.ActiveCfg = Release|Win32
		{6C01047F-7574-4157-BC71-D47595FFED6C}.Release|Win32.Build.0 = Release|Win32
		{6C01047F-7574-4157-BC71-D47595FFED6C}.Release|x64.ActiveCfg = Release|x64
		{6C01047F-7574-4157-BC71-D47595FFED6C}.Release|x64.Build.0 = Release|x64
		{4D1F7E73-DEC2-4E76-90BC-E5648DCFB037}.Debug No Logging|Win32.ActiveCfg = Debug No Logging|Win32
		{4D1F7E73-DEC2-4E76-90BC-E5648DCFB037}.Debug No Logging|Win32.Build.0 = Debug No Logging|Win32
		{4D1F7E73-DEC2-4E76-90BC-E5648DCFB037}.Debug No Logging|x64.ActiveCfg = Debug No Logging|x64
		{4D1F7E73-DEC2-4E76-90BC-E5648DCFB037}.Debug No Logging|x64.Build.0 = Debug No Logging|x64
		{4D1F7E73-DEC2-4E76-90BC-E5648DCFB037}.Debug|Win32.ActiveCfg = Debug|Win32
		{4D1F7E73-DEC2-4E76-90BC-E5648DCFB037}.Debug|Win32.Build.0 = Debug|Win32
		{4D1F7E73-DEC2-4E76-90BC-E5648DCFB037}.Debug|x64.ActiveCfg = Debug|x64
		{4D1F7E73-DEC2-4E76-90BC-E5648DCFB037}.Debug|x64.Build.0 = Debug|x64
		{4D1F7E73-DEC2-4E76-90BC-E5648DCFB037}.Release No Logging|Win32.ActiveCfg = Release No Logging|Win32
		{4D1F7E73-DEC2-4E76-90BC-E5648DCFB037}.Release No Logging|Win32.Build.0 = Release No Logging|Win32
		{4D1F7E73-DEC2-4E76-90BC-E5648DCFB037}.Release No Logging|x64.ActiveCfg = Release No Logging|x64
		{4D1F7E73-DEC2-4E76-90BC-E5648DCFB037}.Release No Logging|x64.Build.0 = Release No Logging|x64
		{4D1F7E73-DEC2-4E76-90BC-E5648DCFB037}.Release|Win32.ActiveCfg = Release|Win32
		{4D1F7E73-DEC2-4E76-90BC-E5648DCFB037}.Release|Win32.Build.0 = Release|Win32
		{4D1F7E73-DEC2-4E76-90BC-E5648DCFB037}.Release|x64.ActiveCfg = Release|x64
		{4D1F7E73-DEC2-4E76-90BC-E5648DCFB037}.Release|x64.Build.0 = Release|x64
		{3658B3A5-88EF-48E9-8470-83172314A7B5}.Debug No Logging|Win32.ActiveCfg = Debug No Logging|Win32
		{3658B3A5-88EF-48E9-8470-83172314A7B5}.Debug No Logging|Win32.Build.0 = Debug No Logging|Win32
		{3658B3A5-88EF-48E9-8470-83172314A7B5}.Debug No Logging|x64.ActiveCfg = Debug No Logging|x64
		{3658B3A5-88EF-48E9-8470-83172314A7B5}.Debug No Logging|x64.Build.0 = Debug No Logging|x64
		{3658B3A5-88EF-48E9-8470-83172314A7B5}.Debug|Win32.ActiveCfg = Debug|Win32
		{3658B3A5-88EF-48E9-8470-83172314A7B5}.Debug|Win32.Build.0 = Debug|Win32
		{3658B3A5-88EF-48E9-8470-83172314A7B5}.Debug|x64.ActiveCfg = Debug|x64
		{3658B3A5-88EF-48E9-8470-83172314A7B5}.Debug|x64.Build.0 = Debug|x64
		{3658B3A5-88EF-48E9-8470-83172314A7B5}.Release No Logging|Win32.ActiveCfg = Release No Logging|Win32
		{3658B3A5-88EF-48E9-8470-83172314A7B5}.Release No Logging|Win32.Build.0 = Release No Logging|Win32
		{3658B3A5-88EF-48E9-8470-83172314A7B5}.Release No Logging|x64.ActiveCfg = Release No Logging|x64
		{3658B3A5-88EF-48E9-8470-83172314A7B5}.Release No Logging|x64.Build.0 = Release No Logging|x64
		{3658B3A5-88EF-48E9-8470-83172314A7B5}.Release|Win32.ActiveCfg = Release|Win32
		{3658B3A5-88EF-48E9-8470-83172314A7B5}.Release|Win32.Build.0 = Release|Win32
		{3658B3A5-88EF-48E9-8470-83172314A7B5}.Release|x64.ActiveCfg = Release|x64
		{3658B3A5-88EF-48E9-8470-83172314A7B5}.Release|x64.Build.0 = Release|x64
		{F3A4A8C1-CDFF-4DBF-98BE-C738954E68CD}.Debug No Logging|Win32.ActiveCfg = Debug No Logging|Win32
		{F3A4A8C1-CDFF-4DBF-98BE-C738954E68CD}.Debug No Logging|Win32.Build.0 = Debug No Logging|Win32
		{F3A4A8C1-CDFF-4DBF-98BE-C738954E68CD}.Debug No Logging|x64.ActiveCfg = Debug No Logging|x64
		{F3A4A8C1-CDFF-4DBF-98BE-C738954E68CD}.Debug No Logging|x64.Build.0 = Debug No Logging|x64
		{F3A4A8C1-CDFF-4DBF-98BE-C738954E68CD}.Debug|Win32.ActiveCfg = Debug|Win32
		{F3A4A8C1-CDFF-4DBF-98BE-C738954E68CD}.Debug|Win32.Build.0 = Debug|Win32
		{F3A4A8C1-CDFF-4DBF-98BE-C738954E68CD}.Debug|x64.ActiveCfg = Debug|x64
		{F3A4A8C1-CDFF-4DBF-98BE-C738954E68CD}.Debug|x64.Build.0 = Debug|x64
		{F3A4A8C1-CDFF-4DBF-98BE-C738954E68CD}.Release No Logging|Win32.ActiveCfg = Release No Logging|Win32
		{F3A4A8C1-CDFF-4DBF-98BE-C738954E68CD}.Release No Logging|Win32.Build.0 = Release No Logging|Win32
		{F3A4A8C1-CDFF-4DBF-98BE-C738954E68CD}.Release No Logging|x64.ActiveCfg = Release No Logging|x64
		{F3A4A8C1-CDFF-4DBF-98BE-C738954E68CD}.Release No Logging|x64.Build.0 = Release No Logging|x64
		{F3A4A8C1-CDFF-4DBF-98BE-C738954E68CD}.Release|Win32.ActiveCfg = Release|Win32
		{F3A4A8C1-CDFF-4DBF-98BE-C738954E68CD}.Release|Win32.Build.0 = Release|Win32
		{F3A4A8C1-CDFF-4DBF-98BE-C738954E68CD}.Release|x64.ActiveCfg = Release|x64
		{F3A4A8C1-CDFF-4DBF-98BE-C738954E68CD}.Release|x64.Build.0 = Release|x64
		{EC758CAE-3FF0-4D0B-8FB5-8FB1E0642B5F}.Debug No Logging|Win32.ActiveCfg = Debug No Logging|Win32
		{EC758CAE-3FF0-4D0B-8FB5-8FB1E0642B5F}.Debug No Logging|Win32.Build.0 = Debug No Logging|Win32
		{EC758CAE-3FF0-4D0B-8FB5-8FB1E0642B5F}.Debug No Logging|x64.ActiveCfg = Debug No Logging|x64
		{EC758CAE-3FF0-4D0B-8FB5-8FB1E0642B5F}.Debug No Logging|x64.Build.0 = Debug No Logging|x64
		{EC758CAE-3FF0-4D0B-8FB5-8FB1E0642B5F}.Debug|Win32.ActiveCfg = Debug|Win32
		{EC758CAE-3FF0-4D0B-8FB5-8FB1E0642B5F}.Debug|Win32.Build.0 = Debug|Win32
		{EC758CAE-3FF0-4D0B-8FB5-8FB1E0642B5F}.Debug|x64.ActiveCfg = Debug|x64
		{EC758CAE-3FF0-4D0B-8FB5-8FB1E0642B5F}.Debug|x64.Build.0 = Debug|x64
		{EC758CAE-3FF0-4D0B-8FB5-8FB1E0642B5F}.Release No Logging|Win32.ActiveCfg = Release No Logging|Win32
		{EC758CAE-3FF0-4D0B-8FB5-8FB1E0642B5F}.Release No Logging|Win32.Build.0 = Release No Logging|Win32
		{EC758CAE-3FF0-4D0B-8FB5-8FB1E0642B5F}.Release No Logging|x64.ActiveCfg = Release No Logging|x64
		{EC758CAE-3FF0-4D0B-8FB5-8FB1E0642B5F}.Release No Logging|x64.Build.0 = Release No Logging|x64
		{EC758CAE-3FF0-4D0B-8FB5-8FB1E0642B5F}.Release|Win32.ActiveCfg = Release|Win32
		{EC758CAE-3FF0-4D0B-8FB5-8FB1E0642B5F}.Release|Win32.Build.0 = Release|Win32
		{EC758CAE-3FF0-4D0B-8FB5-8FB1E0642B5F}.Release|x64.ActiveCfg = Release|x64
		{EC758CAE-3FF0-4D0B-8FB5-8FB1E0642B5F}.Release|x64.Build.0 = Release|x64
		{A6618796-A133-470D-BCEE-BC9B1D3E8CBE}.Debug No Logging|Win32.ActiveCfg = Debug No Logging|Win32
		{A6618796-A133-470D-BCEE-BC9B1D3E8CBE}.Debug No Logging|Win32.Build.0 = Debug No Logging|Win32
		{A6618796-A133-470D-BCEE-BC9B1D3E8CBE}.Debug No Logging|x64.ActiveCfg = Debug No Logging|x64
		{A6618796-A133-470D-BCEE-BC9B1D3E8CBE}.Debug No Logging|x64.Build.0 = Debug No Logging|x64
		{A6618796-A133-470D-BCEE-BC9B1D3E8CBE}.Debug|Win32.ActiveCfg = Debug|Win32
		{A6618796-A133-470D-BCEE-BC9B1D3E8CBE}.Debug|Win32.Build.0 = Debug|Win32
		{A6618796-A133-470D-BCEE-BC9B1D3E8CBE}.Debug|x64.ActiveCfg = Debug|x64
		{A6618796-A133-470D-BCEE-BC9B1D3E8CBE}.Debug|x64.Build.0 = Debug|x64
		{A6618796-A133-470D-BCEE-BC9B1D3E8CBE}.Release No Logging|Win32.ActiveCfg = Release No Logging|Win32
		{A6618796-A133-470D-BCEE-BC9B1D3E8CBE}.Release No Logging|Win32.Build.0 = Release No Logging|Win32
		{A6618796-A133-470D-BCEE-BC9B1D3E8CBE}.Release No Logging|x64.ActiveCfg = Release No Logging|x64
		{A6618796-A133-470D-BCEE-BC9B1D3E8CBE}.Release No Logging|x64.Build.0 = Release No Logging|x64
		{A6618796-A133-470D-BCEE-BC9B1D3E8CBE}.Release|Win32.ActiveCfg = Release|Win32
		{A6618796-A133-470D-BCEE-BC9B1D3E8CBE}.Release|Win32.Build.0 = Release|Win32
		{A6618796-A133-470D-BCEE-BC9B1D3E8CBE}.Release|x64.ActiveCfg = Release|x64
		{A6618796-A133-470D-BCEE-BC9B1D3E8CBE}.Release|x64.Build.0 = Release|x64
		{28116D68-98D8-469B-B932-DB360A775A14}.Debug No Logging|Win32.ActiveCfg = Debug|Win32
		{28116D68-98D8-469B-B932-DB360A775A14}.Debug No Logging|x64.ActiveCfg = Debug|x64
		{28116D68-98D8-469B-B932-DB360A775A14}.Debug No Logging|x64.Build.0 = Debug|x64
		{28116D68-98D8-469B-B932-DB360A775A14}.Debug|Win32.ActiveCfg = Debug|Win32
		{28116D68-98D8-469B-B932-DB360A775A14}.Debug|Win32.Build.0 = Debug|Win32
		{28116D68-98D8-469B-B932-DB360A775A14}.Debug|x64.ActiveCfg = Debug|x64
		{28116D68-98D8-469B-B932-DB360A775A14}.Debug|x64.Build.0 = Debug|x64
		{28116D68-98D8-469B-B932-DB360A775A14}.Release No Logging|Win32.ActiveCfg = Debug|Win32
		{28116D68-98D8-469B-B932-DB360A775A14}.Release No Logging|x64.ActiveCfg = Debug|x64
		{28116D68-98D8-469B-B932-DB360A775A14}.Release No Logging|x64.Build.0 = Debug|x64
		{28116D68-98D8-469B-B932-DB360A775A14}.Release|Win32.ActiveCfg = Debug|Win32
		{28116D68-98D8-469B-B932-DB360A775A14}.Release|x64.ActiveCfg = Debug|x64
		{28116D68-98D8-469B-B932-DB360A775A14}.Release|x64.Build.0 = Debug|x64
		{98D9613E-ADEE-40FC-B258-60A053009566}.Debug No Logging|Win32.ActiveCfg = Debug|Win32
		{98D9613E-ADEE-40FC-B258-60A053009566}.Debug No Logging|x64.ActiveCfg = Debug|x64
		{98D9613E-ADEE-40FC-B258-60A053009566}.Debug No Logging|x64.Build.0 = Debug|x64
		{98D9613E-ADEE-40FC-B258-60A053009566}.Debug|Win32.ActiveCfg = Debug|Win32
		{98D9613E-ADEE-40FC-B258-60A053009566}.Debug|Win32.Build.0 = Debug|Win32
		{98D9613E-ADEE-40FC-B258-60A053009566}.Debug|x64.ActiveCfg = Debug|x64
		{98D9613E-ADEE-40FC-B258-60A053009566}.Debug|x64.Build.0 = Debug|x64
		{98D9613E-ADEE-40FC-B258-60A053009566}.Release No Logging|Win32.ActiveCfg = Debug|Win32
		{98D9613E-ADEE-40FC-B258-60A053009566}.Release No Logging|x64.ActiveCfg = Debug|x64
		{98D9613E-ADEE-40FC-B258-60A053009566}.Release No Logging|x64.Build.0 = Debug|x64
		{98D9613E-ADEE-40FC-B258-60A053009566}.Release|Win32.ActiveCfg = Debug|Win32
		{98D9613E-ADEE-40FC-B258-60A053009566}.Release|x64.ActiveCfg = Debug|x64
		{98D9613E-ADEE-40FC-B258-60A053009566}.Release|x64.Build.0 = Debug|x64
		{93084587-9E3E-4438-B764-79F2B9741520}.Debug No Logging|Win32.ActiveCfg = Debug No Logging|Win32
		{93084587-9E3E-4438-B764-79F2B9741520}.Debug No Logging|Win32.Build.0 = Debug No Logging|Win32
		{93084587-9E3E-4438-B764-79F2B9741520}.Debug No Logging|x64.ActiveCfg = Debug No Logging|x64
		{93084587-9E3E-4438-B764-79F2B9741520}.Debug No Logging|x64.Build.0 = Debug No Logging|x64
		{93084587-9E3E-4438-B764-79F2B9741520}.Debug|Win32.ActiveCfg = Debug|Win32
		{93084587-9E3E-4438-B764-79F2B9741520}.Debug|Win32.Build.0 = Debug|Win32
		{93084587-9E3E-4438-B764-79F2B9741520}.Debug|x64.ActiveCfg = Debug|x64
		{93084587-9E3E-4438-B764-79F2B9741520}.Debug|x64.Build.0 = Debug|x64
		{93084587-9E3E-4438-B764-79F2B9741520}.Release No Logging|Win32.ActiveCfg = Release No Logging|Win32
		{93084587-9E3E-4438-B764-79F2B9741520}.Release No Logging|Win32.Build.0 = Release No Logging|Win32
		{93084587-9E3E-4438-B764-79F2B9741520}.Release No Logging|x64.ActiveCfg = Release No Logging|x64
		{93084587-9E3E-4438-B764-79F2B9741520}.Release No Logging|x64.Build.0 = Release No Logging|x64
		{93084587-9E3E-4438-B764-79F2B9741520}.Release|Win32.ActiveCfg = Release|Win32
		{93084587-9E3E-4438-B764-79F2B9741520}.Release|Win32.Build.0 = Release|Win32
		{93084587-9E3E-4438-B764-79F2B9741520}.Release|x64.ActiveCfg = Release|x64
		{93084587-9E3E-4438-B764-79F2B9741520}.Release|x64.Build.0 = Release|x64
		{06A3A134-FAAC-4487-B723-86CFCEE7FB3D}.Debug No Logging|Win32.ActiveCfg = Debug No Logging|Win32
		{06A3A134-FAAC-4487-B723-86CFCEE7FB3D}.Debug No Logging|Win32.Build.0 = Debug No Logging|Win32
		{06A3A134-FAAC-4487-B723-86CFCEE7FB3D}.Debug No Logging|x64.ActiveCfg = Debug No Logging|x64
		{06A3A134-FAAC-4487-B723-86CFCEE7FB3D}.Debug No Logging|x64.Build.0 = Debug No Logging|x64
		{06A3A134-FAAC-4487-B723-86CFCEE7FB3D}.Debug|Win32.ActiveCfg = Debug|Win32
		{06A3A134-FAAC-4487-B723-86CFCEE7FB3D}.Debug|Win32.Build.0 = Debug|Win32
		{06A3A134-FAAC-4487-B723-86CFCEE7FB3D}.Debug|x64.ActiveCfg = Debug|x64
		{06A3A134-FAAC-4487-B723-86CFCEE7FB3D}.Debug|x64.Build.0 = Debug|x64
		{06A3A134-FAAC-4487-B723-86CFCEE7FB3D}.Release No Logging|Win32.ActiveCfg = Release No Logging|Win32
		{06A3A134-FAAC-4487-B723-86CFCEE7FB3D}.Release No Logging|Win32.Build.0 = Release No Logging|Win32
		{06A3A134-FAAC-4487-B723-86CFCEE7FB3D}.Release No Logging|x64.ActiveCfg = Release No Logging|x64
		{06A3A134-FAAC-4487-B723-86CFCEE7FB3D}.Release No Logging|x64.Build.0 = Release No Logging|x64
		{06A3A134-FAAC-4487-B723-86CFCEE7FB3D}.Release|Win32.ActiveCfg = Release|Win32
		{06A3A134-FAAC-4487-B723-86CFCEE7FB3D}.Release|Win32.Build.0 = Release|Win32
		{06A3A134-FAAC-4487-B723-86CFCEE7FB3D}.Release|x64.ActiveCfg = Release|x64
		{06A3A134-FAAC-4487-B723-86CFCEE7FB3D}.Release|x64.Build.0 = Release|x64
		{2BEC37F6-C5AE-4C21-873C-94171929058A}.Debug No Logging|Win32.ActiveCfg = Debug No Logging|Win32
		{2BEC37F6-C5AE-4C21-873C-94171929058A}.Debug No Logging|Win32.Build.0 = Debug No Logging|Win32
		{2BEC37F6-C5AE-4C21-873C-94171929058A}.Debug No Logging|x64.ActiveCfg = Debug No Logging|x64
		{2BEC37F6-C5AE-4C21-873C-94171929058A}.Debug No Logging|x64.Build.0 = Debug No Logging|x64
		{2BEC37F6-C5AE-4C21-873C-94171929058A}.Debug|Win32.ActiveCfg = Debug|Win32
		{2BEC37F6-C5AE-4C21-873C-94171929058A}.Debug|Win32.Build.0 = Debug|Win32
		{2BEC37F6-C5AE-4C21-873C-94171929058A}.Debug|x64.ActiveCfg = Debug|x64
		{2BEC37F6-C5AE-4C21-873C-94171929058A}.Debug|x64.Build.0 = Debug|x64
		{2BEC37F6-C5AE-4C21-873C-94171929058A}.Release No Logging|Win32.ActiveCfg = Release No Logging|Win32
		{2BEC37F6-C5AE-4C21-873C-94171929058A}.Release No Logging|Win32.Build.0 = Release No Logging|Win32
		{2BEC37F6-C5AE-4C21-873C-94171929058A}.Release No Logging|x64.ActiveCfg = Release No Logging|x64
		{2BEC37F6-C5AE-4C21-873C-94171929058A}.Release No Logging|x64.Build.0 = Release No Logging|x64
		{2BEC37F6-C5AE-4C21-873C-94171929058A}.Release|Win32.ActiveCfg = Release|Win32
		{2BEC37F6-C5AE-4C21-873C-94171929058A}.Release|Win32.Build.0 = Release|Win32
		{2BEC37F6-C5AE-4C21-873C-94171929058A}.Release|x64.ActiveCfg = Release|x64
		{2BEC37F6-C5AE-4C21-873C-94171929058A}.Release|x64.Build.0 = Release|x64
		{40FEB9BD-9EDF-45CD-96D0-72B6F931AE4C}.Debug No Logging|Win32.ActiveCfg = Debug|Win32
		{40FEB9BD-9EDF-45CD-96D0-72B6F931AE4C}.Debug No Logging|Win32.Build.0 = Debug|Win32
		{40FEB9BD-9EDF-45CD-96D0-72B6F931AE4C}.Debug No Logging|x64.ActiveCfg = Debug|x64
		{40FEB9BD-9EDF-45CD-96D0-72B6F931AE4C}.Debug No Logging|x64.Build.0 = Debug|x64
		{40FEB9BD-9EDF-45CD-96D0-72B6F931AE4C}.Debug|Win32.ActiveCfg = Debug|Win32
		{40FEB9BD-9EDF-45CD-96D0-72B6F931AE4C}.Debug|Win32.Build.0 = Debug|Win32
		{40FEB9BD-9EDF-45CD-96D0-72B6F931AE4C}.Debug|x64.ActiveCfg = Debug|x64
		{40FEB9BD-9EDF-45CD-96D0-72B6F931AE4C}.Debug|x64.Build.0 = Debug|x64
		{40FEB9BD-9EDF-45CD-96D0-72B6F931AE4C}.Release No Logging|Win32.ActiveCfg = Release|Win32
		{40FEB9BD-9EDF-45CD-96D0-72B6F931AE4C}.Release No Logging|Win32.Build.0 = Release|Win32
		{40FEB9BD-9EDF-45CD-96D0-72B6F931AE4C}.Release No Logging|x64.ActiveCfg = Release|x64
		{40FEB9BD-9EDF-45CD-96D0-72B6F931AE4C}.Release No Logging|x64.Build.0 = Release|x64
		{40FEB9BD-9EDF-45CD-96D0-72B6F931AE4C}.Release|Win32.ActiveCfg = Release|Win32
		{40FEB9BD-9EDF-45CD-96D0-72B6F931AE4C}.Release|Win32.Build.0 = Release|Win32
		{40FEB9BD-9EDF-45CD-96D0-72B6F931AE4C}.Release|x64.ActiveCfg = Release|x64
		{40FEB9BD-9EDF-45CD-96D0-72B6F931AE4C}.Release|x64.Build.0 = Release|x64
		{0811376D-FDD0-4F2E-8284-3814AAAB0390}.Debug No Logging|Win32.ActiveCfg = Debug|Win32
		{0811376D-FDD0-4F2E-8284-3814AAAB0390}.Debug No Logging|Win32.Build.0 = Debug|Win32
		{0811376D-FDD0-4F2E-8284-3814AAAB0390}.Debug No Logging|x64.ActiveCfg = Debug|x64
		{0811376D-FDD0-4F2E-8284-3814AAAB0390}.Debug No Logging|x64.Build.0 = Debug|x64
		{0811376D-FDD0-4F2E-8284-3814AAAB0390}.Debug|Win32.ActiveCfg = Debug|Win32
		{0811376D-FDD0-4F2E-8284-3814AAAB0390}.Debug|Win32.Build.0 = Debug|Win32
		{0811376D-FDD0-4F2E-8284-3814AAAB0390}.Debug|x64.ActiveCfg = Debug|x64
		{0811376D-FDD0-4F2E-8284-3814AAAB0390}.Debug|x64.Build.0 = Debug|x64
		{0811376D-FDD0-4F2E-8284-3814AAAB0390}.Release No Logging|Win32.ActiveCfg = Release|Win32
		{0811376D-FDD0-4F2E-8284-3814AAAB0390}.Release No Logging|Win32.Build.0 = Release|Win32
		{0811376D-FDD0-4F2E-8284-3814AAAB0390}.Release No Logging|x64.ActiveCfg = Release|x64
		{0811376D-FDD0-4F2E-8284-3814AAAB0390}.Release No Logging|x64.Build.0 = Release|x64
		{0811376D-FDD0-4F2E-8284-3814AAAB0390}.Release|Win32.ActiveCfg = Release|Win32
		{0811376D-FDD0-4F2E-8284-3814AAAB0390}.Release|Win32.Build.0 = Release|Win32
		{0811376D-FDD0-4F2E-8284-3814AAAB0390}.Release|x64.ActiveCfg = Release|x64
		{0811376D-FDD0-4F2E-8284-3814AAAB0390}.Release|x64.Build.0 = Release|x64
		{4D5738D7-40BD-43E8-90C3-424B540272D4}.Debug No Logging|Win32.ActiveCfg = Debug|Win32
		{4D5738D7-40BD-43E8-90C3-424B540272D4}.Debug No Logging|Win32.Build.0 = Debug|Win32
		{4D5738D7-40BD-43E8-90C3-424B540272D4}.Debug No Logging|x64.ActiveCfg = Debug|x64
		{4D5738D7-40BD-43E8-90C3-424B540272D4}.Debug No Logging|x64.Build.0 = Debug|x64
		{4D5738D7-40BD-43E8-90C3-424B540272D4}.Debug|Win32.ActiveCfg = Debug|Win32
		{4D5738D7-40BD-43E8-90C3-424B540272D4}.Debug|Win32.Build.0 = Debug|Win32
		{4D5738D7-40BD-43E8-90C3-424B540272D4}.Debug|x64.ActiveCfg = Debug|x64
		{4D5738D7-40BD-43E8-90C3-424B540272D4}.Debug|x64.Build.0 = Debug|x64
		{4D5738D7-40BD-43E8-90C3-424B540272D4}.Release No Logging|Win32.ActiveCfg = Release|Win32
		{4D5738D7-40BD-43E8-90C3-424B540272D4}.Release No Logging|Win32.Build.0 = Release|Win32
		{4D5738D7-40BD-43E8-90C3-424B540272D4}.Release No Logging|x64.ActiveCfg = Release|x64
		{4D5738D7-40BD-43E8-90C3-424B540272D4}.Release No Logging|x64.Build.0 = Release|x64
		{4D5738D7-40BD-43E8-90C3-424B540272D4}.Release|Win32.ActiveCfg = Release|Win32
		{4D5738D7-40BD-43E8-90C3-424B540272D4}.Release|Win32.Build.0 = Release|Win32
		{4D5738D7-40BD-43E8-90C3-424B540272D4}.Release|x64.ActiveCfg = Release|x64
		{4D5738D7-40BD-43E8-90C3-424B540272D4}.Release|x64.Build.0 = Release|x64
		{31730592-6165-41CF-9DB5-8BE3FD40A502}.Debug No Logging|Win32.ActiveCfg = Debug|Win32
		{31730592-6165-41CF-9DB5-8BE3FD40A502}.Debug No Logging|Win32.Build.0 = Debug|Win32
		{31730592-6165-41CF-9DB5-8BE3FD40A502}.Debug No Logging|x64.ActiveCfg = Debug|x64
		{31730592-6165-41CF-9DB5-8BE3FD40A502}.Debug No Logging|x64.Build.0 = Debug|x64
		{31730592-6165-41CF-9DB5-8BE3FD40A502}.Debug|Win32.ActiveCfg = Debug|Win32
		{31730592-6165-41CF-9DB5-8BE3FD40A502}.Debug|Win32.Build.0 = Debug|Win32
		{31730592-6165-41CF-9DB5-8BE3FD40A502}.Debug|x64.ActiveCfg = Debug|x64
		{31730592-6165-41CF-9DB5-8BE3FD40A502}.Debug|x64.Build.0 = Debug|x64
		{31730592-6165-41CF-9DB5-8BE3FD40A502}.Release No Logging|Win32.ActiveCfg = Release|Win32
		{31730592-6165-41CF-9DB5-8BE3FD40A502}.Release No Logging|Win32.Build.0 = Release|Win32
		{31730592-6165-41CF-9DB5-8BE3FD40A502}.Release No Logging|x64.ActiveCfg = Release|x64
		{31730592-6165-41CF-9DB5-8BE3FD40A502}.Release No Logging|x64.Build.0 = Release|x64
		{31730592-6165-41CF-9DB5-8BE3FD40A502}.Release|Win32.ActiveCfg = Release|Win32
		{31730592-6165-41CF-9DB5-8BE3FD40A502}.Release|Win32.Build.0 = Release|Win32
		{31730592-6165-41CF-9DB5-8BE3FD40A502}.Release|x64.ActiveCfg = Release|x64
		{31730592-6165-41CF-9DB5-8BE3FD40A502}.Release|x64.Build.0 = Release|x64
		{D925EB32-3679-419F-89E8-04CF3C87F04E}.Debug No Logging|Win32.ActiveCfg = Debug|Win32
		{D925EB32-3679-419F-89E8-04CF3C87F04E}.Debug No Logging|Win32.Build.0 = Debug|Win32
		{D925EB32-3679-419F-89E8-04CF3C87F04E}.Debug No Logging|x64.ActiveCfg = Debug|Win32
		{D925EB32-3679-419F-89E8-04CF3C87F04E}.Debug|Win32.ActiveCfg = Debug|Win32
		{D925EB32-3679-419F-89E8-04CF3C87F04E}.Debug|Win32.Build.0 = Debug|Win32
		{D925EB32-3679-419F-89E8-04CF3C87F04E}.Debug|x64.ActiveCfg = Debug|Win32
		{D925EB32-3679-419F-89E8-04CF3C87F04E}.Release No Logging|Win32.ActiveCfg = Release|Win32
		{D925EB32-3679-419F-89E8-04CF3C87F04E}.Release No Logging|Win32.Build.0 = Release|Win32
		{D925EB32-3679-419F-89E8-04CF3C87F04E}.Release No Logging|x64.ActiveCfg = Release|Win32
		{D925EB32-3679-419F-89E8-04CF3C87F04E}.Release|Win32.ActiveCfg = Release|Win32
		{D925EB32-3679-419F-89E8-04CF3C87F04E}.Release|Win32.Build.0 = Release|Win32
		{D925EB32-3679-419F-89E8-04CF3C87F04E}.Release|x64.ActiveCfg = Release|Win32
	EndGlobalSection
	GlobalSection(SolutionProperties) = preSolution
		HideSolutionNode = FALSE
	EndGlobalSection
	GlobalSection(NestedProjects) = preSolution
		{4F923E4E-9EBE-4D05-B295-117E0684D7A6} = {26EB5097-0AE5-43B1-844F-85A27D3E7922}
		{CE683DB3-27B3-4D8F-9C05-9C0E4F1BE574} = {26EB5097-0AE5-43B1-844F-85A27D3E7922}
		{71BDF265-DB78-4C90-A8D2-A563B82205C3} = {26EB5097-0AE5-43B1-844F-85A27D3E7922}
		{E9595B17-5C2C-4FF5-A2D6-B269B4250686} = {26EB5097-0AE5-43B1-844F-85A27D3E7922}
		{2FBEF721-9062-4D85-BBCA-596274BB4B7D} = {26EB5097-0AE5-43B1-844F-85A27D3E7922}
		{0E53C9C1-A51B-4C06-91B8-68E76C72D94D} = {26EB5097-0AE5-43B1-844F-85A27D3E7922}
		{F553DA12-7520-4CE2-9F9B-300C7AB0E059} = {26EB5097-0AE5-43B1-844F-85A27D3E7922}
		{96331292-6075-4864-ACF5-9076B434B0A1} = {26EB5097-0AE5-43B1-844F-85A27D3E7922}
		{FBC1DE4C-B4F5-4F6F-86A7-6B582532E3D7} = {26EB5097-0AE5-43B1-844F-85A27D3E7922}
		{7D594E3C-ECC2-4262-8C73-D87EA81ECEAD} = {26EB5097-0AE5-43B1-844F-85A27D3E7922}
		{F89DCD42-BE04-46DF-A576-C2C6519658C9} = {26EB5097-0AE5-43B1-844F-85A27D3E7922}
		{625D7B76-017F-4D73-A337-CFDCE0A5F1D8} = {26EB5097-0AE5-43B1-844F-85A27D3E7922}
		{110BAD92-D163-4525-9839-86AA1A07D62D} = {26EB5097-0AE5-43B1-844F-85A27D3E7922}
		{6C01047F-7574-4157-BC71-D47595FFED6C} = {26EB5097-0AE5-43B1-844F-85A27D3E7922}
		{06A3A134-FAAC-4487-B723-86CFCEE7FB3D} = {26EB5097-0AE5-43B1-844F-85A27D3E7922}
		{2BEC37F6-C5AE-4C21-873C-94171929058A} = {26EB5097-0AE5-43B1-844F-85A27D3E7922}
		{58269890-DE44-4FD5-8DFC-D106B1E031B9} = {48F51880-8125-48C5-9903-2F23AFF21866}
		{E2EDC58F-A703-4F3D-A59D-53ACA53AF5AF} = {48F51880-8125-48C5-9903-2F23AFF21866}
		{17A0C8A2-CE57-4AB1-9BB3-11211E8AA010} = {8DD21DCA-B3C6-4FAF-B0F7-E9D1DFCF69BB}
		{D4D20E14-5E6E-43B7-A714-92C04A7254B2} = {8DD21DCA-B3C6-4FAF-B0F7-E9D1DFCF69BB}
		{28116D68-98D8-469B-B932-DB360A775A14} = {8DD21DCA-B3C6-4FAF-B0F7-E9D1DFCF69BB}
		{98D9613E-ADEE-40FC-B258-60A053009566} = {8DD21DCA-B3C6-4FAF-B0F7-E9D1DFCF69BB}
		{E4B7FDFA-F393-4629-8744-A916146E274F} = {58269890-DE44-4FD5-8DFC-D106B1E031B9}
		{B0053577-BB9A-4263-B132-59CE6DC72A8A} = {58269890-DE44-4FD5-8DFC-D106B1E031B9}
		{F3A4A8C1-CDFF-4DBF-98BE-C738954E68CD} = {58269890-DE44-4FD5-8DFC-D106B1E031B9}
		{93084587-9E3E-4438-B764-79F2B9741520} = {58269890-DE44-4FD5-8DFC-D106B1E031B9}
		{4D1F7E73-DEC2-4E76-90BC-E5648DCFB037} = {E2EDC58F-A703-4F3D-A59D-53ACA53AF5AF}
		{3658B3A5-88EF-48E9-8470-83172314A7B5} = {E2EDC58F-A703-4F3D-A59D-53ACA53AF5AF}
		{EC758CAE-3FF0-4D0B-8FB5-8FB1E0642B5F} = {E2EDC58F-A703-4F3D-A59D-53ACA53AF5AF}
		{A6618796-A133-470D-BCEE-BC9B1D3E8CBE} = {E2EDC58F-A703-4F3D-A59D-53ACA53AF5AF}
		{40FEB9BD-9EDF-45CD-96D0-72B6F931AE4C} = {3079E82E-C8C1-42D8-ABCF-F60EA84B82D1}
		{0811376D-FDD0-4F2E-8284-3814AAAB0390} = {3079E82E-C8C1-42D8-ABCF-F60EA84B82D1}
		{4D5738D7-40BD-43E8-90C3-424B540272D4} = {3079E82E-C8C1-42D8-ABCF-F60EA84B82D1}
		{31730592-6165-41CF-9DB5-8BE3FD40A502} = {3079E82E-C8C1-42D8-ABCF-F60EA84B82D1}
		{D925EB32-3679-419F-89E8-04CF3C87F04E} = {3079E82E-C8C1-42D8-ABCF-F60EA84B82D1}
	EndGlobalSection
	GlobalSection(DPCodeReviewSolutionGUID) = preSolution
		DPCodeReviewSolutionGUID = {00000000-0000-0000-0000-000000000000}
	EndGlobalSection
EndGlobal
